
Microsoft Visual Studio Solution File, Format Version 12.00
# Visual Studio Version 16
VisualStudioVersion = 16.0.32602.291
MinimumVisualStudioVersion = 10.0.40219.1
Project("{FAE04EC0-301F-11D3-BF4B-00C04F79EFBC}") = "AwesomeDevEvents.API", "AwesomeDevEvents.API\AwesomeDevEvents.API.csproj", "{35FC7942-8DDA-4ACB-B79B-4819C2D41F48}"
EndProject
Global
	GlobalSection(SolutionConfigurationPlatforms) = preSolution
		Debug|Any CPU = Debug|Any CPU
		Release|Any CPU = Release|Any CPU
	EndGlobalSection
	GlobalSection(ProjectConfigurationPlatforms) = postSolution
		{35FC7942-8DDA-4ACB-B79B-4819C2D41F48}.Debug|Any CPU.ActiveCfg = Debug|Any CPU
		{35FC7942-8DDA-4ACB-B79B-4819C2D41F48}.Debug|Any CPU.Build.0 = Debug|Any CPU
		{35FC7942-8DDA-4ACB-B79B-4819C2D41F48}.Release|Any CPU.ActiveCfg = Release|Any CPU
		{35FC7942-8DDA-4ACB-B79B-4819C2D41F48}.Release|Any CPU.Build.0 = Release|Any CPU
	EndGlobalSection
	GlobalSection(SolutionProperties) = preSolution
		HideSolutionNode = FALSE
	EndGlobalSection
	GlobalSection(ExtensibilityGlobals) = postSolution
		SolutionGuid = {5A6FAAF7-E46A-47E2-97D2-B7BFDA8F464E}
	EndGlobalSection
EndGlobal
